
Microsoft Visual Studio Solution File, Format Version 12.00
# Visual Studio Version 16
VisualStudioVersion = 16.0.30309.148
MinimumVisualStudioVersion = 15.0.26124.0
Project("{9A19103F-16F7-4668-BE54-9A1E7A4F7556}") = "API", "API\API.csproj", "{1935E709-8D71-4EC2-8200-7C54665F83C9}"
EndProject
Project("{9A19103F-16F7-4668-BE54-9A1E7A4F7556}") = "Core", "Core\Core.csproj", "{3B271947-6571-4EE6-9009-398FE3133426}"
EndProject
Project("{9A19103F-16F7-4668-BE54-9A1E7A4F7556}") = "Infrastructure", "Infrastructure\Infrastructure.csproj", "{542C1C12-A9D0-44DE-8BD4-82CA4B23E1D5}"
EndProject
Global
	GlobalSection(SolutionConfigurationPlatforms) = preSolution
		Debug|Any CPU = Debug|Any CPU
		Debug|x64 = Debug|x64
		Debug|x86 = Debug|x86
		Release|Any CPU = Release|Any CPU
		Release|x64 = Release|x64
		Release|x86 = Release|x86
	EndGlobalSection
	GlobalSection(ProjectConfigurationPlatforms) = postSolution
		{1935E709-8D71-4EC2-8200-7C54665F83C9}.Debug|Any CPU.ActiveCfg = Debug|Any CPU
		{1935E709-8D71-4EC2-8200-7C54665F83C9}.Debug|Any CPU.Build.0 = Debug|Any CPU
		{1935E709-8D71-4EC2-8200-7C54665F83C9}.Debug|x64.ActiveCfg = Debug|Any CPU
		{1935E709-8D71-4EC2-8200-7C54665F83C9}.Debug|x64.Build.0 = Debug|Any CPU
		{1935E709-8D71-4EC2-8200-7C54665F83C9}.Debug|x86.ActiveCfg = Debug|Any CPU
		{1935E709-8D71-4EC2-8200-7C54665F83C9}.Debug|x86.Build.0 = Debug|Any CPU
		{1935E709-8D71-4EC2-8200-7C54665F83C9}.Release|Any CPU.ActiveCfg = Release|Any CPU
		{1935E709-8D71-4EC2-8200-7C54665F83C9}.Release|Any CPU.Build.0 = Release|Any CPU
		{1935E709-8D71-4EC2-8200-7C54665F83C9}.Release|x64.ActiveCfg = Release|Any CPU
		{1935E709-8D71-4EC2-8200-7C54665F83C9}.Release|x64.Build.0 = Release|Any CPU
		{1935E709-8D71-4EC2-8200-7C54665F83C9}.Release|x86.ActiveCfg = Release|Any CPU
		{1935E709-8D71-4EC2-8200-7C54665F83C9}.Release|x86.Build.0 = Release|Any CPU
		{3B271947-6571-4EE6-9009-398FE3133426}.Debug|Any CPU.ActiveCfg = Debug|Any CPU
		{3B271947-6571-4EE6-9009-398FE3133426}.Debug|Any CPU.Build.0 = Debug|Any CPU
		{3B271947-6571-4EE6-9009-398FE3133426}.Debug|x64.ActiveCfg = Debug|Any CPU
		{3B271947-6571-4EE6-9009-398FE3133426}.Debug|x64.Build.0 = Debug|Any CPU
		{3B271947-6571-4EE6-9009-398FE3133426}.Debug|x86.ActiveCfg = Debug|Any CPU
		{3B271947-6571-4EE6-9009-398FE3133426}.Debug|x86.Build.0 = Debug|Any CPU
		{3B271947-6571-4EE6-9009-398FE3133426}.Release|Any CPU.ActiveCfg = Release|Any CPU
		{3B271947-6571-4EE6-9009-398FE3133426}.Release|Any CPU.Build.0 = Release|Any CPU
		{3B271947-6571-4EE6-9009-398FE3133426}.Release|x64.ActiveCfg = Release|Any CPU
		{3B271947-6571-4EE6-9009-398FE3133426}.Release|x64.Build.0 = Release|Any CPU
		{3B271947-6571-4EE6-9009-398FE3133426}.Release|x86.ActiveCfg = Release|Any CPU
		{3B271947-6571-4EE6-9009-398FE3133426}.Release|x86.Build.0 = Release|Any CPU
		{542C1C12-A9D0-44DE-8BD4-82CA4B23E1D5}.Debug|Any CPU.ActiveCfg = Debug|Any CPU
		{542C1C12-A9D0-44DE-8BD4-82CA4B23E1D5}.Debug|Any CPU.Build.0 = Debug|Any CPU
		{542C1C12-A9D0-44DE-8BD4-82CA4B23E1D5}.Debug|x64.ActiveCfg = Debug|Any CPU
		{542C1C12-A9D0-44DE-8BD4-82CA4B23E1D5}.Debug|x64.Build.0 = Debug|Any CPU
		{542C1C12-A9D0-44DE-8BD4-82CA4B23E1D5}.Debug|x86.ActiveCfg = Debug|Any CPU
		{542C1C12-A9D0-44DE-8BD4-82CA4B23E1D5}.Debug|x86.Build.0 = Debug|Any CPU
		{542C1C12-A9D0-44DE-8BD4-82CA4B23E1D5}.Release|Any CPU.ActiveCfg = Release|Any CPU
		{542C1C12-A9D0-44DE-8BD4-82CA4B23E1D5}.Release|Any CPU.Build.0 = Release|Any CPU
		{542C1C12-A9D0-44DE-8BD4-82CA4B23E1D5}.Release|x64.ActiveCfg = Release|Any CPU
		{542C1C12-A9D0-44DE-8BD4-82CA4B23E1D5}.Release|x64.Build.0 = Release|Any CPU
		{542C1C12-A9D0-44DE-8BD4-82CA4B23E1D5}.Release|x86.ActiveCfg = Release|Any CPU
		{542C1C12-A9D0-44DE-8BD4-82CA4B23E1D5}.Release|x86.Build.0 = Release|Any CPU
	EndGlobalSection
	GlobalSection(SolutionProperties) = preSolution
		HideSolutionNode = FALSE
	EndGlobalSection
	GlobalSection(ExtensibilityGlobals) = postSolution
		SolutionGuid = {FA2A620D-2547-4880-AAF2-A9653A1C351A}
	EndGlobalSection
EndGlobal
